
Microsoft Visual Studio Solution File, Format Version 12.00
# Visual Studio Version 17
VisualStudioVersion = 17.10.35004.147
MinimumVisualStudioVersion = 10.0.40219.1
Project("{2150E333-8FDC-42A3-9474-1A3956D46DE8}") = "Task0", "Task0", "{C26DBB3E-6F15-4A92-AF3C-CD9411DADBAE}"
EndProject
Project("{FAE04EC0-301F-11D3-BF4B-00C04F79EFBC}") = "Tyuiu.TyuninaAE.Sprint0.Task0.V0", "Tyuiu.TyuninaAE.Sprint0.Task0.V0\Tyuiu.TyuninaAE.Sprint0.Task0.V0.csproj", "{BBB49722-0E10-4843-8847-664975A0A017}"
EndProject
Project("{2150E333-8FDC-42A3-9474-1A3956D46DE8}") = "Task1", "Task1", "{82E11D69-CED9-4E8E-AB39-3A49620526F1}"
EndProject
Project("{FAE04EC0-301F-11D3-BF4B-00C04F79EFBC}") = "Tyuiu.TyuninaAE.Sprint0.Task1.V0", "Tyuiu.TyuninaAE.Sprint0.Task1.V0\Tyuiu.TyuninaAE.Sprint0.Task1.V0.csproj", "{BD0AD0D5-AA8B-447F-B561-D6B063422E26}"
EndProject
Global
	GlobalSection(SolutionConfigurationPlatforms) = preSolution
		Debug|Any CPU = Debug|Any CPU
		Release|Any CPU = Release|Any CPU
	EndGlobalSection
	GlobalSection(ProjectConfigurationPlatforms) = postSolution
		{BBB49722-0E10-4843-8847-664975A0A017}.Debug|Any CPU.ActiveCfg = Debug|Any CPU
		{BBB49722-0E10-4843-8847-664975A0A017}.Debug|Any CPU.Build.0 = Debug|Any CPU
		{BBB49722-0E10-4843-8847-664975A0A017}.Release|Any CPU.ActiveCfg = Release|Any CPU
		{BBB49722-0E10-4843-8847-664975A0A017}.Release|Any CPU.Build.0 = Release|Any CPU
		{BD0AD0D5-AA8B-447F-B561-D6B063422E26}.Debug|Any CPU.ActiveCfg = Debug|Any CPU
		{BD0AD0D5-AA8B-447F-B561-D6B063422E26}.Debug|Any CPU.Build.0 = Debug|Any CPU
		{BD0AD0D5-AA8B-447F-B561-D6B063422E26}.Release|Any CPU.ActiveCfg = Release|Any CPU
		{BD0AD0D5-AA8B-447F-B561-D6B063422E26}.Release|Any CPU.Build.0 = Release|Any CPU
	EndGlobalSection
	GlobalSection(SolutionProperties) = preSolution
		HideSolutionNode = FALSE
	EndGlobalSection
	GlobalSection(NestedProjects) = preSolution
		{BBB49722-0E10-4843-8847-664975A0A017} = {C26DBB3E-6F15-4A92-AF3C-CD9411DADBAE}
		{BD0AD0D5-AA8B-447F-B561-D6B063422E26} = {82E11D69-CED9-4E8E-AB39-3A49620526F1}
	EndGlobalSection
	GlobalSection(ExtensibilityGlobals) = postSolution
		SolutionGuid = {F18DAA59-735B-40C2-B4F3-787DEFC87707}
	EndGlobalSection
EndGlobal
