
Microsoft Visual Studio Solution File, Format Version 12.00
# Visual Studio Version 17
VisualStudioVersion = 17.10.35004.147
MinimumVisualStudioVersion = 10.0.40219.1
Project("{2150E333-8FDC-42A3-9474-1A3956D46DE8}") = "Task0", "Task0", "{C26DBB3E-6F15-4A92-AF3C-CD9411DADBAE}"
EndProject
Project("{FAE04EC0-301F-11D3-BF4B-00C04F79EFBC}") = "Tyuiu.TyuninaAE.Sprint0.Task0.V0", "Tyuiu.TyuninaAE.Sprint0.Task0.V0\Tyuiu.TyuninaAE.Sprint0.Task0.V0.csproj", "{BBB49722-0E10-4843-8847-664975A0A017}"
EndProject
Project("{2150E333-8FDC-42A3-9474-1A3956D46DE8}") = "Task1", "Task1", "{82E11D69-CED9-4E8E-AB39-3A49620526F1}"
EndProject
Project("{FAE04EC0-301F-11D3-BF4B-00C04F79EFBC}") = "Tyuiu.TyuninaAE.Sprint0.Task1.V0", "Tyuiu.TyuninaAE.Sprint0.Task1.V0\Tyuiu.TyuninaAE.Sprint0.Task1.V0.csproj", "{BD0AD0D5-AA8B-447F-B561-D6B063422E26}"
EndProject
Project("{2150E333-8FDC-42A3-9474-1A3956D46DE8}") = "Task3", "Task3", "{4DE231A5-6526-4C61-8F38-4337BDB29638}"
EndProject
Project("{FAE04EC0-301F-11D3-BF4B-00C04F79EFBC}") = "Tyuiu.TyuninaAE.Sprint0.Task3.V0", "Tyuiu.TyuninaAE.Sprint0.Task3.V0\Tyuiu.TyuninaAE.Sprint0.Task3.V0.csproj", "{28D983E1-11A0-4A45-AB42-49693F6DBA7E}"
EndProject
Project("{FAE04EC0-301F-11D3-BF4B-00C04F79EFBC}") = "Tyuiu.TyuninaAE.Sprint0.Task3.V0.Lib", "Tyuiu.TyuninaAE.Sprint0.Task3.V0.Lib\Tyuiu.TyuninaAE.Sprint0.Task3.V0.Lib.csproj", "{5A0D3CC7-3F72-4A56-8585-24308BCC5116}"
EndProject
Project("{FAE04EC0-301F-11D3-BF4B-00C04F79EFBC}") = "Tyuiu.TyuninaAE.Sprint0.Task3.V0.Test", "Tyuiu.TyuninaAE.Sprint0.Task3.V0.Test\Tyuiu.TyuninaAE.Sprint0.Task3.V0.Test.csproj", "{179F60D0-53AF-43A7-A457-D3FD4B4EB688}"
EndProject
Project("{2150E333-8FDC-42A3-9474-1A3956D46DE8}") = "Task4", "Task4", "{68B64A58-8E80-48AE-B2AC-DC58B742F986}"
EndProject
Project("{FAE04EC0-301F-11D3-BF4B-00C04F79EFBC}") = "Tyuiu.TyuninaAE.Sprint0.Task4.V0", "Tyuiu.TyuninaAE.Sprint0.Task4.V0\Tyuiu.TyuninaAE.Sprint0.Task4.V0.csproj", "{2292C999-A70C-4D8C-AADD-FC58E626DD55}"
EndProject
Project("{FAE04EC0-301F-11D3-BF4B-00C04F79EFBC}") = "Tyuiu.TyuninaAE.Sprint0.Task4.V0.Lib", "Tyuiu.TyuninaAE.Sprint0.Task4.V0.Lib\Tyuiu.TyuninaAE.Sprint0.Task4.V0.Lib.csproj", "{8397D952-B3CC-4006-B970-A4F15A979BC9}"
EndProject
Project("{FAE04EC0-301F-11D3-BF4B-00C04F79EFBC}") = "Tyuiu.TyuninaAE.Sprint0.Task4.V0.Test", "Tyuiu.TyuninaAE.Sprint0.Task4.V0.Test\Tyuiu.TyuninaAE.Sprint0.Task4.V0.Test.csproj", "{A1B1E0E8-50AA-4944-BC22-97ED52483342}"
EndProject
Global
	GlobalSection(SolutionConfigurationPlatforms) = preSolution
		Debug|Any CPU = Debug|Any CPU
		Release|Any CPU = Release|Any CPU
	EndGlobalSection
	GlobalSection(ProjectConfigurationPlatforms) = postSolution
		{BBB49722-0E10-4843-8847-664975A0A017}.Debug|Any CPU.ActiveCfg = Debug|Any CPU
		{BBB49722-0E10-4843-8847-664975A0A017}.Debug|Any CPU.Build.0 = Debug|Any CPU
		{BBB49722-0E10-4843-8847-664975A0A017}.Release|Any CPU.ActiveCfg = Release|Any CPU
		{BBB49722-0E10-4843-8847-664975A0A017}.Release|Any CPU.Build.0 = Release|Any CPU
		{BD0AD0D5-AA8B-447F-B561-D6B063422E26}.Debug|Any CPU.ActiveCfg = Debug|Any CPU
		{BD0AD0D5-AA8B-447F-B561-D6B063422E26}.Debug|Any CPU.Build.0 = Debug|Any CPU
		{BD0AD0D5-AA8B-447F-B561-D6B063422E26}.Release|Any CPU.ActiveCfg = Release|Any CPU
		{BD0AD0D5-AA8B-447F-B561-D6B063422E26}.Release|Any CPU.Build.0 = Release|Any CPU
		{28D983E1-11A0-4A45-AB42-49693F6DBA7E}.Debug|Any CPU.ActiveCfg = Debug|Any CPU
		{28D983E1-11A0-4A45-AB42-49693F6DBA7E}.Debug|Any CPU.Build.0 = Debug|Any CPU
		{28D983E1-11A0-4A45-AB42-49693F6DBA7E}.Release|Any CPU.ActiveCfg = Release|Any CPU
		{28D983E1-11A0-4A45-AB42-49693F6DBA7E}.Release|Any CPU.Build.0 = Release|Any CPU
		{5A0D3CC7-3F72-4A56-8585-24308BCC5116}.Debug|Any CPU.ActiveCfg = Debug|Any CPU
		{5A0D3CC7-3F72-4A56-8585-24308BCC5116}.Debug|Any CPU.Build.0 = Debug|Any CPU
		{5A0D3CC7-3F72-4A56-8585-24308BCC5116}.Release|Any CPU.ActiveCfg = Release|Any CPU
		{5A0D3CC7-3F72-4A56-8585-24308BCC5116}.Release|Any CPU.Build.0 = Release|Any CPU
		{179F60D0-53AF-43A7-A457-D3FD4B4EB688}.Debug|Any CPU.ActiveCfg = Debug|Any CPU
		{179F60D0-53AF-43A7-A457-D3FD4B4EB688}.Debug|Any CPU.Build.0 = Debug|Any CPU
		{179F60D0-53AF-43A7-A457-D3FD4B4EB688}.Release|Any CPU.ActiveCfg = Release|Any CPU
		{179F60D0-53AF-43A7-A457-D3FD4B4EB688}.Release|Any CPU.Build.0 = Release|Any CPU
		{2292C999-A70C-4D8C-AADD-FC58E626DD55}.Debug|Any CPU.ActiveCfg = Debug|Any CPU
		{2292C999-A70C-4D8C-AADD-FC58E626DD55}.Debug|Any CPU.Build.0 = Debug|Any CPU
		{2292C999-A70C-4D8C-AADD-FC58E626DD55}.Release|Any CPU.ActiveCfg = Release|Any CPU
		{2292C999-A70C-4D8C-AADD-FC58E626DD55}.Release|Any CPU.Build.0 = Release|Any CPU
		{8397D952-B3CC-4006-B970-A4F15A979BC9}.Debug|Any CPU.ActiveCfg = Debug|Any CPU
		{8397D952-B3CC-4006-B970-A4F15A979BC9}.Debug|Any CPU.Build.0 = Debug|Any CPU
		{8397D952-B3CC-4006-B970-A4F15A979BC9}.Release|Any CPU.ActiveCfg = Release|Any CPU
		{8397D952-B3CC-4006-B970-A4F15A979BC9}.Release|Any CPU.Build.0 = Release|Any CPU
		{A1B1E0E8-50AA-4944-BC22-97ED52483342}.Debug|Any CPU.ActiveCfg = Debug|Any CPU
		{A1B1E0E8-50AA-4944-BC22-97ED52483342}.Debug|Any CPU.Build.0 = Debug|Any CPU
		{A1B1E0E8-50AA-4944-BC22-97ED52483342}.Release|Any CPU.ActiveCfg = Release|Any CPU
		{A1B1E0E8-50AA-4944-BC22-97ED52483342}.Release|Any CPU.Build.0 = Release|Any CPU
	EndGlobalSection
	GlobalSection(SolutionProperties) = preSolution
		HideSolutionNode = FALSE
	EndGlobalSection
	GlobalSection(NestedProjects) = preSolution
		{BBB49722-0E10-4843-8847-664975A0A017} = {C26DBB3E-6F15-4A92-AF3C-CD9411DADBAE}
		{BD0AD0D5-AA8B-447F-B561-D6B063422E26} = {82E11D69-CED9-4E8E-AB39-3A49620526F1}
		{28D983E1-11A0-4A45-AB42-49693F6DBA7E} = {4DE231A5-6526-4C61-8F38-4337BDB29638}
		{5A0D3CC7-3F72-4A56-8585-24308BCC5116} = {4DE231A5-6526-4C61-8F38-4337BDB29638}
		{179F60D0-53AF-43A7-A457-D3FD4B4EB688} = {4DE231A5-6526-4C61-8F38-4337BDB29638}
		{2292C999-A70C-4D8C-AADD-FC58E626DD55} = {68B64A58-8E80-48AE-B2AC-DC58B742F986}
		{8397D952-B3CC-4006-B970-A4F15A979BC9} = {68B64A58-8E80-48AE-B2AC-DC58B742F986}
		{A1B1E0E8-50AA-4944-BC22-97ED52483342} = {68B64A58-8E80-48AE-B2AC-DC58B742F986}
	EndGlobalSection
	GlobalSection(ExtensibilityGlobals) = postSolution
		SolutionGuid = {F18DAA59-735B-40C2-B4F3-787DEFC87707}
	EndGlobalSection
EndGlobal
